
Microsoft Visual Studio Solution File, Format Version 12.00
# Visual Studio Version 17
VisualStudioVersion = 17.7.34031.279
MinimumVisualStudioVersion = 10.0.40219.1
Project("{FAE04EC0-301F-11D3-BF4B-00C04F79EFBC}") = "Simple_REST_API_App", "Simple_REST_API_App\Simple_REST_API_App.csproj", "{44B891FE-2E74-4E6E-99A7-A91BCA5F6E0C}"
EndProject
Global
	GlobalSection(SolutionConfigurationPlatforms) = preSolution
		Debug|Any CPU = Debug|Any CPU
		Release|Any CPU = Release|Any CPU
	EndGlobalSection
	GlobalSection(ProjectConfigurationPlatforms) = postSolution
		{44B891FE-2E74-4E6E-99A7-A91BCA5F6E0C}.Debug|Any CPU.ActiveCfg = Debug|Any CPU
		{44B891FE-2E74-4E6E-99A7-A91BCA5F6E0C}.Debug|Any CPU.Build.0 = Debug|Any CPU
		{44B891FE-2E74-4E6E-99A7-A91BCA5F6E0C}.Release|Any CPU.ActiveCfg = Release|Any CPU
		{44B891FE-2E74-4E6E-99A7-A91BCA5F6E0C}.Release|Any CPU.Build.0 = Release|Any CPU
	EndGlobalSection
	GlobalSection(SolutionProperties) = preSolution
		HideSolutionNode = FALSE
	EndGlobalSection
	GlobalSection(ExtensibilityGlobals) = postSolution
		SolutionGuid = {E6722909-6051-4692-BD1E-EBE361063246}
	EndGlobalSection
EndGlobal
